
Microsoft Visual Studio Solution File, Format Version 12.00
# Visual Studio Version 16
VisualStudioVersion = 16.0.29911.84
MinimumVisualStudioVersion = 10.0.40219.1
Project("{8BC9CEB8-8B4A-11D0-8D11-00A0C91BC942}") = "c_lab_excercise1", "c_lab_excercise1\c_lab_excercise1.vcxproj", "{FAE2F0F2-E821-40BA-A1A2-75E0D2D4396D}"
EndProject
Global
	GlobalSection(SolutionConfigurationPlatforms) = preSolution
		Debug|x64 = Debug|x64
		Debug|x86 = Debug|x86
		Release|x64 = Release|x64
		Release|x86 = Release|x86
	EndGlobalSection
	GlobalSection(ProjectConfigurationPlatforms) = postSolution
		{FAE2F0F2-E821-40BA-A1A2-75E0D2D4396D}.Debug|x64.ActiveCfg = Debug|x64
		{FAE2F0F2-E821-40BA-A1A2-75E0D2D4396D}.Debug|x64.Build.0 = Debug|x64
		{FAE2F0F2-E821-40BA-A1A2-75E0D2D4396D}.Debug|x86.ActiveCfg = Debug|Win32
		{FAE2F0F2-E821-40BA-A1A2-75E0D2D4396D}.Debug|x86.Build.0 = Debug|Win32
		{FAE2F0F2-E821-40BA-A1A2-75E0D2D4396D}.Release|x64.ActiveCfg = Release|x64
		{FAE2F0F2-E821-40BA-A1A2-75E0D2D4396D}.Release|x64.Build.0 = Release|x64
		{FAE2F0F2-E821-40BA-A1A2-75E0D2D4396D}.Release|x86.ActiveCfg = Release|Win32
		{FAE2F0F2-E821-40BA-A1A2-75E0D2D4396D}.Release|x86.Build.0 = Release|Win32
	EndGlobalSection
	GlobalSection(SolutionProperties) = preSolution
		HideSolutionNode = FALSE
	EndGlobalSection
	GlobalSection(ExtensibilityGlobals) = postSolution
		SolutionGuid = {D40F4523-9E93-4A0D-A214-7A99C4291932}
	EndGlobalSection
EndGlobal
